version = 1
revision = 3
requires-python = ">=3.12"

[[package]]
name = "fevisubathontimer"
version = "0.1.0"
source = { virtual = "." }
dependencies = [
    { name = "obsws-python" },
]

[package.metadata]
requires-dist = [{ name = "obsws-python", specifier = "==1.8.0" }]

[[package]]
name = "obsws-python"
version = "1.8.0"
source = { registry = "https://pypi.org/simple" }
dependencies = [
    { name = "websocket-client" },
]
sdist = { url = "https://files.pythonhosted.org/packages/d6/2f/624af34a5b0f09fbf858bf6743521a8626d712671ac49573e625ad1c97d3/obsws_python-1.8.0.tar.gz", hash = "sha256:e082894f80deb0836861fdc3c222e497308c8f66328da6075baba5b456a20971", size = 28727, upload-time = "2025-07-01T08:24:11.652Z" }
wheels = [
    { url = "https://files.pythonhosted.org/packages/97/4b/537f3d372f065b2aeeac3812228066eb70f47436adf88aaacc94eb5fd4e1/obsws_python-1.8.0-py3-none-any.whl", hash = "sha256:537bde416e149b6f59e0b2f31761d4a40329feafec171bde6fc1346ab8516e28", size = 30819, upload-time = "2025-07-01T08:24:10.086Z" },
]

[[package]]
name = "websocket-client"
version = "1.8.0"
source = { registry = "https://pypi.org/simple" }
sdist = { url = "https://files.pythonhosted.org/packages/e6/30/fba0d96b4b5fbf5948ed3f4681f7da2f9f64512e1d303f94b4cc174c24a5/websocket_client-1.8.0.tar.gz", hash = "sha256:3239df9f44da632f96012472805d40a23281a991027ce11d2f45a6f24ac4c3da", size = 54648, upload-time = "2024-04-23T22:16:16.976Z" }
wheels = [
    { url = "https://files.pythonhosted.org/packages/5a/84/44687a29792a70e111c5c477230a72c4b957d88d16141199bf9acb7537a3/websocket_client-1.8.0-py3-none-any.whl", hash = "sha256:17b44cc997f5c498e809b22cdf2d9c7a9e71c02c8cc2b6c56e7c2d1239bfa526", size = 58826, upload-time = "2024-04-23T22:16:14.422Z" },
]
